
Microsoft Visual Studio Solution File, Format Version 12.00
# Visual Studio Version 17
VisualStudioVersion = 17.13.35931.197
MinimumVisualStudioVersion = 10.0.40219.1
Project("{FAE04EC0-301F-11D3-BF4B-00C04F79EFBC}") = "TaskManagementSystem.Api", "TaskManagementSystem.Api\TaskManagementSystem.Api.csproj", "{0E2118CD-2D20-4FE1-8E19-01644F793CE7}"
	ProjectSection(ProjectDependencies) = postProject
		{B62126C3-DA79-499D-A412-45950A977BC3} = {B62126C3-DA79-499D-A412-45950A977BC3}
	EndProjectSection
EndProject
Project("{FAE04EC0-301F-11D3-BF4B-00C04F79EFBC}") = "TaskManagementSystem.Client", "TaskManagementSystem.Client\TaskManagementSystem.Client.csproj", "{51D9CC56-C4BC-C7CA-F67C-183079626209}"
	ProjectSection(ProjectDependencies) = postProject
		{B62126C3-DA79-499D-A412-45950A977BC3} = {B62126C3-DA79-499D-A412-45950A977BC3}
	EndProjectSection
EndProject
Project("{FAE04EC0-301F-11D3-BF4B-00C04F79EFBC}") = "TaskManagementSystem.Shared", "TaskManagementSystem.Shared\TaskManagementSystem.Shared.csproj", "{B62126C3-DA79-499D-A412-45950A977BC3}"
EndProject
Global
	GlobalSection(SolutionConfigurationPlatforms) = preSolution
		Debug|Any CPU = Debug|Any CPU
		Release|Any CPU = Release|Any CPU
	EndGlobalSection
	GlobalSection(ProjectConfigurationPlatforms) = postSolution
		{0E2118CD-2D20-4FE1-8E19-01644F793CE7}.Debug|Any CPU.ActiveCfg = Debug|Any CPU
		{0E2118CD-2D20-4FE1-8E19-01644F793CE7}.Debug|Any CPU.Build.0 = Debug|Any CPU
		{0E2118CD-2D20-4FE1-8E19-01644F793CE7}.Release|Any CPU.ActiveCfg = Release|Any CPU
		{0E2118CD-2D20-4FE1-8E19-01644F793CE7}.Release|Any CPU.Build.0 = Release|Any CPU
		{51D9CC56-C4BC-C7CA-F67C-183079626209}.Debug|Any CPU.ActiveCfg = Debug|Any CPU
		{51D9CC56-C4BC-C7CA-F67C-183079626209}.Debug|Any CPU.Build.0 = Debug|Any CPU
		{51D9CC56-C4BC-C7CA-F67C-183079626209}.Release|Any CPU.ActiveCfg = Release|Any CPU
		{51D9CC56-C4BC-C7CA-F67C-183079626209}.Release|Any CPU.Build.0 = Release|Any CPU
		{B62126C3-DA79-499D-A412-45950A977BC3}.Debug|Any CPU.ActiveCfg = Debug|Any CPU
		{B62126C3-DA79-499D-A412-45950A977BC3}.Debug|Any CPU.Build.0 = Debug|Any CPU
		{B62126C3-DA79-499D-A412-45950A977BC3}.Release|Any CPU.ActiveCfg = Release|Any CPU
		{B62126C3-DA79-499D-A412-45950A977BC3}.Release|Any CPU.Build.0 = Release|Any CPU
	EndGlobalSection
	GlobalSection(SolutionProperties) = preSolution
		HideSolutionNode = FALSE
	EndGlobalSection
	GlobalSection(ExtensibilityGlobals) = postSolution
		SolutionGuid = {B2B19B14-995C-487F-BC18-2EA5D74F1F3F}
	EndGlobalSection
EndGlobal
